Microsoft Visual Studio Solution File, Format Version 12.00
# Visual Studio Version 17
VisualStudioVersion = 17.5.2.0
MinimumVisualStudioVersion = 10.0.40219.1
Project("{FAE04EC0-301F-11D3-BF4B-00C04F79EFBC}") = "GroceryAPI", "GroceryAPI.csproj", "{2DE73D0A-2C39-8DDA-B23A-5F1F898DBC05}"
EndProject
Global
	GlobalSection(SolutionConfigurationPlatforms) = preSolution
		Debug|Any CPU = Debug|Any CPU
		Release|Any CPU = Release|Any CPU
	EndGlobalSection
	GlobalSection(ProjectConfigurationPlatforms) = postSolution
		{2DE73D0A-2C39-8DDA-B23A-5F1F898DBC05}.Debug|Any CPU.ActiveCfg = Debug|Any CPU
		{2DE73D0A-2C39-8DDA-B23A-5F1F898DBC05}.Debug|Any CPU.Build.0 = Debug|Any CPU
		{2DE73D0A-2C39-8DDA-B23A-5F1F898DBC05}.Release|Any CPU.ActiveCfg = Release|Any CPU
		{2DE73D0A-2C39-8DDA-B23A-5F1F898DBC05}.Release|Any CPU.Build.0 = Release|Any CPU
	EndGlobalSection
	GlobalSection(SolutionProperties) = preSolution
		HideSolutionNode = FALSE
	EndGlobalSection
	GlobalSection(ExtensibilityGlobals) = postSolution
		SolutionGuid = {C7262734-9DAE-46CB-AA7D-36C02E4FC3CF}
	EndGlobalSection
EndGlobal
